{
  "name": "Praktika",
  "lockfileVersion": 3,
  "requires": true,
  "packages": {
    "": {
      "dependencies": {
        "jsearch": "^1.0.0"
      }
    },
    "node_modules/jsearch": {
      "version": "1.0.0",
      "resolved": "https://registry.npmjs.org/jsearch/-/jsearch-1.0.0.tgz",
      "integrity": "sha512-OWArZTqtOltMkePhdThSdCfHk4jXZG6IN+p9Br3h1SGUOkLuL51LA9VY8Da7uvHbikShRtz+esXH0ebQ/RRlLw=="
    }
  }
}
